<?xml version="1.0" encoding="utf-8"?>
<Project ToolsVersion="4.0" xmlns="http://schemas.microsoft.com/developer/msbuild/2003">
  <ItemGroup>
    <Filter Include="Source Files">
      <UniqueIdentifier>{4FC737F1-C7A5-4376-A066-2A32D752A2FF}</UniqueIdentifier>
      <Extensions>cpp;c;cc;cxx;c++;cppm;ixx;def;odl;idl;hpj;bat;asm;asmx</Extensions>
    </Filter>
    <Filter Include="Header Files">
      <UniqueIdentifier>{93995380-89BD-4b04-88EB-625FBE52EBFB}</UniqueIdentifier>
      <Extensions>h;hh;hpp;hxx;h++;hm;inl;inc;ipp;xsd</Extensions>
    </Filter>
    <Filter Include="Resource Files">
      <UniqueIdentifier>{67DA6AB6-F800-4c08-8B7A-83BB121AAD01}</UniqueIdentifier>
      <Extensions>rc;ico;cur;bmp;dlg;rc2;rct;bin;rgs;gif;jpg;jpeg;jpe;resx;tiff;tif;png;wav;mfcribbon-ms</Extensions>
    </Filter>
  </ItemGroup>
  <ItemGroup>
    <ClInclude Include="..\..\jni\include\com_wolfssl_wolfcrypt_Aes.h">
      <Filter>Header Files</Filter>
    </ClInclude>
    <ClInclude Include="..\..\jni\include\com_wolfssl_wolfcrypt_AesCcm.h">
      <Filter>Header Files</Filter>
    </ClInclude>
    <ClInclude Include="..\..\jni\include\com_wolfssl_wolfcrypt_AesCmac.h">
      <Filter>Header Files</Filter>
    </ClInclude>
    <ClInclude Include="..\..\jni\include\com_wolfssl_wolfcrypt_AesCtr.h">
      <Filter>Header Files</Filter>
    </ClInclude>
    <ClInclude Include="..\..\jni\include\com_wolfssl_wolfcrypt_AesEcb.h">
      <Filter>Header Files</Filter>
    </ClInclude>
    <ClInclude Include="..\..\jni\include\com_wolfssl_wolfcrypt_AesGcm.h">
      <Filter>Header Files</Filter>
    </ClInclude>
    <ClInclude Include="..\..\jni\include\com_wolfssl_wolfcrypt_AesGmac.h">
      <Filter>Header Files</Filter>
    </ClInclude>
    <ClInclude Include="..\..\jni\include\com_wolfssl_wolfcrypt_AesOfb.h">
      <Filter>Header Files</Filter>
    </ClInclude>
    <ClInclude Include="..\..\jni\include\com_wolfssl_wolfcrypt_Asn.h">
      <Filter>Header Files</Filter>
    </ClInclude>
    <ClInclude Include="..\..\jni\include\com_wolfssl_wolfcrypt_Chacha.h">
      <Filter>Header Files</Filter>
    </ClInclude>
    <ClInclude Include="..\..\jni\include\com_wolfssl_wolfcrypt_Curve25519.h">
      <Filter>Header Files</Filter>
    </ClInclude>
    <ClInclude Include="..\..\jni\include\com_wolfssl_wolfcrypt_Des3.h">
      <Filter>Header Files</Filter>
    </ClInclude>
    <ClInclude Include="..\..\jni\include\com_wolfssl_wolfcrypt_Dh.h">
      <Filter>Header Files</Filter>
    </ClInclude>
    <ClInclude Include="..\..\jni\include\com_wolfssl_wolfcrypt_Ecc.h">
      <Filter>Header Files</Filter>
    </ClInclude>
    <ClInclude Include="..\..\jni\include\com_wolfssl_wolfcrypt_Ed25519.h">
      <Filter>Header Files</Filter>
    </ClInclude>
    <ClInclude Include="..\..\jni\include\com_wolfssl_wolfcrypt_FeatureDetect.h">
      <Filter>Header Files</Filter>
    </ClInclude>
    <ClInclude Include="..\..\jni\include\com_wolfssl_wolfcrypt_Fips.h">
      <Filter>Header Files</Filter>
    </ClInclude>
    <ClInclude Include="..\..\jni\include\com_wolfssl_wolfcrypt_Fips_ErrorCallback.h">
      <Filter>Header Files</Filter>
    </ClInclude>
    <ClInclude Include="..\..\jni\include\com_wolfssl_wolfcrypt_Hmac.h">
      <Filter>Header Files</Filter>
    </ClInclude>
    <ClInclude Include="..\..\jni\include\com_wolfssl_wolfcrypt_Hmac_hashType.h">
      <Filter>Header Files</Filter>
    </ClInclude>
    <ClInclude Include="..\..\jni\include\com_wolfssl_wolfcrypt_Logging.h">
      <Filter>Header Files</Filter>
    </ClInclude>
    <ClInclude Include="..\..\jni\include\com_wolfssl_wolfcrypt_Md5.h">
      <Filter>Header Files</Filter>
    </ClInclude>
    <ClInclude Include="..\..\jni\include\com_wolfssl_wolfcrypt_NativeStruct.h">
      <Filter>Header Files</Filter>
    </ClInclude>
    <ClInclude Include="..\..\jni\include\com_wolfssl_wolfcrypt_Rng.h">
      <Filter>Header Files</Filter>
    </ClInclude>
    <ClInclude Include="..\..\jni\include\com_wolfssl_wolfcrypt_Rsa.h">
      <Filter>Header Files</Filter>
    </ClInclude>
    <ClInclude Include="..\..\jni\include\com_wolfssl_wolfcrypt_Sha.h">
      <Filter>Header Files</Filter>
    </ClInclude>
    <ClInclude Include="..\..\jni\include\com_wolfssl_wolfcrypt_Sha256.h">
      <Filter>Header Files</Filter>
    </ClInclude>
    <ClInclude Include="..\..\jni\include\com_wolfssl_wolfcrypt_Sha384.h">
      <Filter>Header Files</Filter>
    </ClInclude>
    <ClInclude Include="..\..\jni\include\com_wolfssl_wolfcrypt_Sha512.h">
      <Filter>Header Files</Filter>
    </ClInclude>
    <ClInclude Include="..\..\jni\include\com_wolfssl_wolfcrypt_WolfCrypt.h">
      <Filter>Header Files</Filter>
    </ClInclude>
    <ClInclude Include="..\..\jni\include\com_wolfssl_wolfcrypt_WolfCryptError.h">
      <Filter>Header Files</Filter>
    </ClInclude>
    <ClInclude Include="..\..\jni\include\com_wolfssl_wolfcrypt_WolfObject.h">
      <Filter>Header Files</Filter>
    </ClInclude>
    <ClInclude Include="..\..\jni\include\wolfcrypt_jni_debug.h">
      <Filter>Header Files</Filter>
    </ClInclude>
    <ClInclude Include="..\..\jni\include\wolfcrypt_jni_error.h">
      <Filter>Header Files</Filter>
    </ClInclude>
    <ClInclude Include="..\..\jni\include\wolfcrypt_jni_NativeStruct.h">
      <Filter>Header Files</Filter>
    </ClInclude>
  </ItemGroup>
  <ItemGroup>
    <ClCompile Include="..\..\jni\jni_aes.c">
      <Filter>Source Files</Filter>
    </ClCompile>
    <ClCompile Include="..\..\jni\jni_aesccm.c">
      <Filter>Source Files</Filter>
    </ClCompile>
    <ClCompile Include="..\..\jni\jni_aescmac.c">
      <Filter>Source Files</Filter>
    </ClCompile>
    <ClCompile Include="..\..\jni\jni_aesctr.c">
      <Filter>Source Files</Filter>
    </ClCompile>
    <ClCompile Include="..\..\jni\jni_aescts.c">
      <Filter>Source Files</Filter>
    </ClCompile>
    <ClCompile Include="..\..\jni\jni_aesecb.c">
      <Filter>Source Files</Filter>
    </ClCompile>
    <ClCompile Include="..\..\jni\jni_aesgcm.c">
      <Filter>Source Files</Filter>
    </ClCompile>
    <ClCompile Include="..\..\jni\jni_aesgmac.c">
      <Filter>Source Files</Filter>
    </ClCompile>
    <ClCompile Include="..\..\jni\jni_aesofb.c">
      <Filter>Source Files</Filter>
    </ClCompile>
    <ClCompile Include="..\..\jni\jni_asn.c">
      <Filter>Source Files</Filter>
    </ClCompile>
    <ClCompile Include="..\..\jni\jni_chacha.c">
      <Filter>Source Files</Filter>
    </ClCompile>
    <ClCompile Include="..\..\jni\jni_curve25519.c">
      <Filter>Source Files</Filter>
    </ClCompile>
    <ClCompile Include="..\..\jni\jni_des3.c">
      <Filter>Source Files</Filter>
    </ClCompile>
    <ClCompile Include="..\..\jni\jni_dh.c">
      <Filter>Source Files</Filter>
    </ClCompile>
    <ClCompile Include="..\..\jni\jni_ecc.c">
      <Filter>Source Files</Filter>
    </ClCompile>
    <ClCompile Include="..\..\jni\jni_ed25519.c">
      <Filter>Source Files</Filter>
    </ClCompile>
    <ClCompile Include="..\..\jni\jni_error.c">
      <Filter>Source Files</Filter>
    </ClCompile>
    <ClCompile Include="..\..\jni\jni_feature_detect.c">
      <Filter>Source Files</Filter>
    </ClCompile>
    <ClCompile Include="..\..\jni\jni_fips.c">
      <Filter>Source Files</Filter>
    </ClCompile>
    <ClCompile Include="..\..\jni\jni_hmac.c">
      <Filter>Source Files</Filter>
    </ClCompile>
    <ClCompile Include="..\..\jni\jni_logging.c">
      <Filter>Source Files</Filter>
    </ClCompile>
    <ClCompile Include="..\..\jni\jni_md5.c">
      <Filter>Source Files</Filter>
    </ClCompile>
    <ClCompile Include="..\..\jni\jni_native_struct.c">
      <Filter>Source Files</Filter>
    </ClCompile>
    <ClCompile Include="..\..\jni\jni_rng.c">
      <Filter>Source Files</Filter>
    </ClCompile>
    <ClCompile Include="..\..\jni\jni_rsa.c">
      <Filter>Source Files</Filter>
    </ClCompile>
    <ClCompile Include="..\..\jni\jni_sha.c">
      <Filter>Source Files</Filter>
    </ClCompile>
    <ClCompile Include="..\..\jni\jni_wolfobject.c">
      <Filter>Source Files</Filter>
    </ClCompile>
    <ClCompile Include="..\..\jni\jni_aesgcm.c">
      <Filter>Source Files</Filter>
    </ClCompile>
    <ClCompile Include="..\..\jni\jni_pwdbased.c">
      <Filter>Source Files</Filter>
    </ClCompile>
    <ClCompile Include="..\..\jni\jni_wolfcrypt.c">
      <Filter>Source Files</Filter>
    </ClCompile>
    <ClCompile Include="..\..\jni\jni_wolfssl_cert_manager.c">
      <Filter>Source Files</Filter>
    </ClCompile>
    <ClCompile Include="..\..\jni\jni_jce_wolfsslkeystore.c">
      <Filter>Source Files</Filter>
    </ClCompile>
  </ItemGroup>
</Project>
